
Microsoft Visual Studio Solution File, Format Version 12.00
# Visual Studio 2013
VisualStudioVersion = 12.0.21005.1
MinimumVisualStudioVersion = 10.0.40219.1
Project("{FAE04EC0-301F-11D3-BF4B-00C04F79EFBC}") = "WebAppIntranetSkytex", "WebAppIntranetSkytex\WebAppIntranetSkytex.csproj", "{0A7B2E2C-92F6-4C8C-AEE1-678FA6F0CF60}"
EndProject
Project("{FAE04EC0-301F-11D3-BF4B-00C04F79EFBC}") = "LogicaNegocio", "LogicaNegocio\LogicaNegocio.csproj", "{C943E2CE-6B1A-4465-A26A-D69F33AD802D}"
EndProject
Project("{FAE04EC0-301F-11D3-BF4B-00C04F79EFBC}") = "AccesoDatos", "AccesoDatos\AccesoDatos.csproj", "{F09F980A-3D8B-409D-8234-7274F45E5392}"
EndProject
Project("{FAE04EC0-301F-11D3-BF4B-00C04F79EFBC}") = "Entidades", "Entidades\Entidades.csproj", "{7A3536D3-9FAD-40C3-A1C8-C1CA8CCE8901}"
EndProject
Global
	GlobalSection(SolutionConfigurationPlatforms) = preSolution
		Debug|Any CPU = Debug|Any CPU
		Release|Any CPU = Release|Any CPU
	EndGlobalSection
	GlobalSection(ProjectConfigurationPlatforms) = postSolution
		{0A7B2E2C-92F6-4C8C-AEE1-678FA6F0CF60}.Debug|Any CPU.ActiveCfg = Debug|Any CPU
		{0A7B2E2C-92F6-4C8C-AEE1-678FA6F0CF60}.Debug|Any CPU.Build.0 = Debug|Any CPU
		{0A7B2E2C-92F6-4C8C-AEE1-678FA6F0CF60}.Release|Any CPU.ActiveCfg = Release|Any CPU
		{0A7B2E2C-92F6-4C8C-AEE1-678FA6F0CF60}.Release|Any CPU.Build.0 = Release|Any CPU
		{C943E2CE-6B1A-4465-A26A-D69F33AD802D}.Debug|Any CPU.ActiveCfg = Debug|Any CPU
		{C943E2CE-6B1A-4465-A26A-D69F33AD802D}.Debug|Any CPU.Build.0 = Debug|Any CPU
		{C943E2CE-6B1A-4465-A26A-D69F33AD802D}.Release|Any CPU.ActiveCfg = Release|Any CPU
		{C943E2CE-6B1A-4465-A26A-D69F33AD802D}.Release|Any CPU.Build.0 = Release|Any CPU
		{F09F980A-3D8B-409D-8234-7274F45E5392}.Debug|Any CPU.ActiveCfg = Debug|Any CPU
		{F09F980A-3D8B-409D-8234-7274F45E5392}.Debug|Any CPU.Build.0 = Debug|Any CPU
		{F09F980A-3D8B-409D-8234-7274F45E5392}.Release|Any CPU.ActiveCfg = Release|Any CPU
		{F09F980A-3D8B-409D-8234-7274F45E5392}.Release|Any CPU.Build.0 = Release|Any CPU
		{7A3536D3-9FAD-40C3-A1C8-C1CA8CCE8901}.Debug|Any CPU.ActiveCfg = Debug|Any CPU
		{7A3536D3-9FAD-40C3-A1C8-C1CA8CCE8901}.Debug|Any CPU.Build.0 = Debug|Any CPU
		{7A3536D3-9FAD-40C3-A1C8-C1CA8CCE8901}.Release|Any CPU.ActiveCfg = Release|Any CPU
		{7A3536D3-9FAD-40C3-A1C8-C1CA8CCE8901}.Release|Any CPU.Build.0 = Release|Any CPU
	EndGlobalSection
	GlobalSection(SolutionProperties) = preSolution
		HideSolutionNode = FALSE
	EndGlobalSection
EndGlobal
